// !$*UTF8*$!
{
	archiveVersion = 1;
	classes = {
	};
	objectVersion = 51;
	objects = {

/* Begin PBXBuildFile section */
		1A6B7BC76D0628B8AD3D2AE2 /* Pods_ChartsRepresentable_ChartsRepresentableUITests.framework in Frameworks */ = {isa = PBXBuildFile; fileRef = D5328A0AE66A9BD089D53753 /* Pods_ChartsRepresentable_ChartsRepresentableUITests.framework */; };
		6E839508249E67030007FF71 /* LargeValueFormatter.swift in Sources */ = {isa = PBXBuildFile; fileRef = 6E839507249E67030007FF71 /* LargeValueFormatter.swift */; };
		6E83950A249E693C0007FF71 /* Stat.swift in Sources */ = {isa = PBXBuildFile; fileRef = 6E839509249E693C0007FF71 /* Stat.swift */; };
		6E9EFE2B24AB9BCE00F318B5 /* RatingViewPerApp.swift in Sources */ = {isa = PBXBuildFile; fileRef = 6E9EFE2A24AB9BCE00F318B5 /* RatingViewPerApp.swift */; };
		6ED61EAB2499D9EC000D6E51 /* AppDelegate.swift in Sources */ = {isa = PBXBuildFile; fileRef = 6ED61EAA2499D9EC000D6E51 /* AppDelegate.swift */; };
		6ED61EAD2499D9EC000D6E51 /* SceneDelegate.swift in Sources */ = {isa = PBXBuildFile; fileRef = 6ED61EAC2499D9EC000D6E51 /* SceneDelegate.swift */; };
		6ED61EAF2499D9EC000D6E51 /* ContentView.swift in Sources */ = {isa = PBXBuildFile; fileRef = 6ED61EAE2499D9EC000D6E51 /* ContentView.swift */; };
		6ED61EB12499D9ED000D6E51 /* Assets.xcassets in Resources */ = {isa = PBXBuildFile; fileRef = 6ED61EB02499D9ED000D6E51 /* Assets.xcassets */; };
		6ED61EB42499D9ED000D6E51 /* Preview Assets.xcassets in Resources */ = {isa = PBXBuildFile; fileRef = 6ED61EB32499D9ED000D6E51 /* Preview Assets.xcassets */; };
		6ED61EB72499D9ED000D6E51 /* LaunchScreen.storyboard in Resources */ = {isa = PBXBuildFile; fileRef = 6ED61EB52499D9ED000D6E51 /* LaunchScreen.storyboard */; };
		6ED61EC22499D9ED000D6E51 /* ChartsRepresentableTests.swift in Sources */ = {isa = PBXBuildFile; fileRef = 6ED61EC12499D9ED000D6E51 /* ChartsRepresentableTests.swift */; };
		6ED61ECD2499D9ED000D6E51 /* ChartsRepresentableUITests.swift in Sources */ = {isa = PBXBuildFile; fileRef = 6ED61ECC2499D9ED000D6E51 /* ChartsRepresentableUITests.swift */; };
		6ED620142499DB25000D6E51 /* TKDatabase.swift in Sources */ = {isa = PBXBuildFile; fileRef = 6ED620132499DB25000D6E51 /* TKDatabase.swift */; };
		6ED620162499DC60000D6E51 /* Extensions+Date.swift in Sources */ = {isa = PBXBuildFile; fileRef = 6ED620152499DC60000D6E51 /* Extensions+Date.swift */; };
		6ED620182499DC7C000D6E51 /* Extensions.swift in Sources */ = {isa = PBXBuildFile; fileRef = 6ED620172499DC7C000D6E51 /* Extensions.swift */; };
		6ED6201A2499DC85000D6E51 /* Extension+Datasnapshot.swift in Sources */ = {isa = PBXBuildFile; fileRef = 6ED620192499DC85000D6E51 /* Extension+Datasnapshot.swift */; };
		6ED6201E2499E459000D6E51 /* ChartDataService.swift in Sources */ = {isa = PBXBuildFile; fileRef = 6ED6201D2499E459000D6E51 /* ChartDataService.swift */; };
		6ED620222499E5C0000D6E51 /* BarChartViewSwiftUI.swift in Sources */ = {isa = PBXBuildFile; fileRef = 6ED620212499E5C0000D6E51 /* BarChartViewSwiftUI.swift */; };
		B798FBEAD0E9122625117EC7 /* Pods_ChartsRepresentable.framework in Frameworks */ = {isa = PBXBuildFile; fileRef = 078CFC625317AE93DA523BDA /* Pods_ChartsRepresentable.framework */; };
		E78C3A4CA34359626F8655CC /* Pods_ChartsRepresentableTests.framework in Frameworks */ = {isa = PBXBuildFile; fileRef = B6B6B571CE682288F145184D /* Pods_ChartsRepresentableTests.framework */; };
/* End PBXBuildFile section */

/* Begin PBXContainerItemProxy section */
		6ED61EBE2499D9ED000D6E51 /* PBXContainerItemProxy */ = {
			isa = PBXContainerItemProxy;
			containerPortal = 6ED61E9F2499D9EC000D6E51 /* Project object */;
			proxyType = 1;
			remoteGlobalIDString = 6ED61EA62499D9EC000D6E51;
			remoteInfo = ChartsRepresentable;
		};
		6ED61EC92499D9ED000D6E51 /* PBXContainerItemProxy */ = {
			isa = PBXContainerItemProxy;
			containerPortal = 6ED61E9F2499D9EC000D6E51 /* Project object */;
			proxyType = 1;
			remoteGlobalIDString = 6ED61EA62499D9EC000D6E51;
			remoteInfo = ChartsRepresentable;
		};
/* End PBXContainerItemProxy section */

/* Begin PBXFileReference section */
		078CFC625317AE93DA523BDA /* Pods_ChartsRepresentable.framework */ = {isa = PBXFileReference; explicitFileType = wrapper.framework; includeInIndex = 0; path = Pods_ChartsRepresentable.framework; sourceTree = BUILT_PRODUCTS_DIR; };
		5368B0E19F565D28BC1587F5 /* Pods-ChartsRepresentableTests.debug.xcconfig */ = {isa = PBXFileReference; includeInIndex = 1; lastKnownFileType = text.xcconfig; name = "Pods-ChartsRepresentableTests.debug.xcconfig"; path = "Target Support Files/Pods-ChartsRepresentableTests/Pods-ChartsRepresentableTests.debug.xcconfig"; sourceTree = "<group>"; };
		6E405A27249F60700027FAF9 /* ChartsRepresentable.entitlements */ = {isa = PBXFileReference; lastKnownFileType = text.plist.entitlements; path = ChartsRepresentable.entitlements; sourceTree = "<group>"; };
		6E839507249E67030007FF71 /* LargeValueFormatter.swift */ = {isa = PBXFileReference; fileEncoding = 4; lastKnownFileType = sourcecode.swift; path = LargeValueFormatter.swift; sourceTree = "<group>"; };
		6E839509249E693C0007FF71 /* Stat.swift */ = {isa = PBXFileReference; lastKnownFileType = sourcecode.swift; path = Stat.swift; sourceTree = "<group>"; };
		6E9EFE2A24AB9BCE00F318B5 /* RatingViewPerApp.swift */ = {isa = PBXFileReference; lastKnownFileType = sourcecode.swift; path = RatingViewPerApp.swift; sourceTree = "<group>"; };
		6ED61EA72499D9EC000D6E51 /* ChartsRepresentable.app */ = {isa = PBXFileReference; explicitFileType = wrapper.application; includeInIndex = 0; path = ChartsRepresentable.app; sourceTree = BUILT_PRODUCTS_DIR; };
		6ED61EAA2499D9EC000D6E51 /* AppDelegate.swift */ = {isa = PBXFileReference; lastKnownFileType = sourcecode.swift; path = AppDelegate.swift; sourceTree = "<group>"; };
		6ED61EAC2499D9EC000D6E51 /* SceneDelegate.swift */ = {isa = PBXFileReference; lastKnownFileType = sourcecode.swift; path = SceneDelegate.swift; sourceTree = "<group>"; };
		6ED61EAE2499D9EC000D6E51 /* ContentView.swift */ = {isa = PBXFileReference; lastKnownFileType = sourcecode.swift; path = ContentView.swift; sourceTree = "<group>"; };
		6ED61EB02499D9ED000D6E51 /* Assets.xcassets */ = {isa = PBXFileReference; lastKnownFileType = folder.assetcatalog; path = Assets.xcassets; sourceTree = "<group>"; };
		6ED61EB32499D9ED000D6E51 /* Preview Assets.xcassets */ = {isa = PBXFileReference; lastKnownFileType = folder.assetcatalog; path = "Preview Assets.xcassets"; sourceTree = "<group>"; };
		6ED61EB62499D9ED000D6E51 /* Base */ = {isa = PBXFileReference; lastKnownFileType = file.storyboard; name = Base; path = Base.lproj/LaunchScreen.storyboard; sourceTree = "<group>"; };
		6ED61EB82499D9ED000D6E51 /* Info.plist */ = {isa = PBXFileReference; lastKnownFileType = text.plist.xml; path = Info.plist; sourceTree = "<group>"; };
		6ED61EBD2499D9ED000D6E51 /* ChartsRepresentableTests.xctest */ = {isa = PBXFileReference; explicitFileType = wrapper.cfbundle; includeInIndex = 0; path = ChartsRepresentableTests.xctest; sourceTree = BUILT_PRODUCTS_DIR; };
		6ED61EC12499D9ED000D6E51 /* ChartsRepresentableTests.swift */ = {isa = PBXFileReference; lastKnownFileType = sourcecode.swift; path = ChartsRepresentableTests.swift; sourceTree = "<group>"; };
		6ED61EC32499D9ED000D6E51 /* Info.plist */ = {isa = PBXFileReference; lastKnownFileType = text.plist.xml; path = Info.plist; sourceTree = "<group>"; };
		6ED61EC82499D9ED000D6E51 /* ChartsRepresentableUITests.xctest */ = {isa = PBXFileReference; explicitFileType = wrapper.cfbundle; includeInIndex = 0; path = ChartsRepresentableUITests.xctest; sourceTree = BUILT_PRODUCTS_DIR; };
		6ED61ECC2499D9ED000D6E51 /* ChartsRepresentableUITests.swift */ = {isa = PBXFileReference; lastKnownFileType = sourcecode.swift; path = ChartsRepresentableUITests.swift; sourceTree = "<group>"; };
		6ED61ECE2499D9ED000D6E51 /* Info.plist */ = {isa = PBXFileReference; lastKnownFileType = text.plist.xml; path = Info.plist; sourceTree = "<group>"; };
		6ED620132499DB25000D6E51 /* TKDatabase.swift */ = {isa = PBXFileReference; fileEncoding = 4; lastKnownFileType = sourcecode.swift; path = TKDatabase.swift; sourceTree = "<group>"; };
		6ED620152499DC60000D6E51 /* Extensions+Date.swift */ = {isa = PBXFileReference; fileEncoding = 4; lastKnownFileType = sourcecode.swift; path = "Extensions+Date.swift"; sourceTree = "<group>"; };
		6ED620172499DC7C000D6E51 /* Extensions.swift */ = {isa = PBXFileReference; fileEncoding = 4; lastKnownFileType = sourcecode.swift; path = Extensions.swift; sourceTree = "<group>"; };
		6ED620192499DC85000D6E51 /* Extension+Datasnapshot.swift */ = {isa = PBXFileReference; fileEncoding = 4; lastKnownFileType = sourcecode.swift; path = "Extension+Datasnapshot.swift"; sourceTree = "<group>"; };
		6ED6201D2499E459000D6E51 /* ChartDataService.swift */ = {isa = PBXFileReference; lastKnownFileType = sourcecode.swift; path = ChartDataService.swift; sourceTree = "<group>"; };
		6ED620212499E5C0000D6E51 /* BarChartViewSwiftUI.swift */ = {isa = PBXFileReference; lastKnownFileType = sourcecode.swift; path = BarChartViewSwiftUI.swift; sourceTree = "<group>"; };
		754E4FE2687DD889FC32AED3 /* Pods-ChartsRepresentable.debug.xcconfig */ = {isa = PBXFileReference; includeInIndex = 1; lastKnownFileType = text.xcconfig; name = "Pods-ChartsRepresentable.debug.xcconfig"; path = "Target Support Files/Pods-ChartsRepresentable/Pods-ChartsRepresentable.debug.xcconfig"; sourceTree = "<group>"; };
		7893BD62FCFD679153B20CAD /* Pods-ChartsRepresentable-ChartsRepresentableUITests.release.xcconfig */ = {isa = PBXFileReference; includeInIndex = 1; lastKnownFileType = text.xcconfig; name = "Pods-ChartsRepresentable-ChartsRepresentableUITests.release.xcconfig"; path = "Target Support Files/Pods-ChartsRepresentable-ChartsRepresentableUITests/Pods-ChartsRepresentable-ChartsRepresentableUITests.release.xcconfig"; sourceTree = "<group>"; };
		AF41D309D7A2C673EBBBF276 /* Pods-ChartsRepresentableTests.release.xcconfig */ = {isa = PBXFileReference; includeInIndex = 1; lastKnownFileType = text.xcconfig; name = "Pods-ChartsRepresentableTests.release.xcconfig"; path = "Target Support Files/Pods-ChartsRepresentableTests/Pods-ChartsRepresentableTests.release.xcconfig"; sourceTree = "<group>"; };
		B6B6B571CE682288F145184D /* Pods_ChartsRepresentableTests.framework */ = {isa = PBXFileReference; explicitFileType = wrapper.framework; includeInIndex = 0; path = Pods_ChartsRepresentableTests.framework; sourceTree = BUILT_PRODUCTS_DIR; };
		D5328A0AE66A9BD089D53753 /* Pods_ChartsRepresentable_ChartsRepresentableUITests.framework */ = {isa = PBXFileReference; explicitFileType = wrapper.framework; includeInIndex = 0; path = Pods_ChartsRepresentable_ChartsRepresentableUITests.framework; sourceTree = BUILT_PRODUCTS_DIR; };
		E3F3A3435760759654D65679 /* Pods-ChartsRepresentable.release.xcconfig */ = {isa = PBXFileReference; includeInIndex = 1; lastKnownFileType = text.xcconfig; name = "Pods-ChartsRepresentable.release.xcconfig"; path = "Target Support Files/Pods-ChartsRepresentable/Pods-ChartsRepresentable.release.xcconfig"; sourceTree = "<group>"; };
		FEED8A189B9B3148AE7CF955 /* Pods-ChartsRepresentable-ChartsRepresentableUITests.debug.xcconfig */ = {isa = PBXFileReference; includeInIndex = 1; lastKnownFileType = text.xcconfig; name = "Pods-ChartsRepresentable-ChartsRepresentableUITests.debug.xcconfig"; path = "Target Support Files/Pods-ChartsRepresentable-ChartsRepresentableUITests/Pods-ChartsRepresentable-ChartsRepresentableUITests.debug.xcconfig"; sourceTree = "<group>"; };
/* End PBXFileReference section */

/* Begin PBXFrameworksBuildPhase section */
		6ED61EA42499D9EC000D6E51 /* Frameworks */ = {
			isa = PBXFrameworksBuildPhase;
			buildActionMask = 2147483647;
			files = (
				B798FBEAD0E9122625117EC7 /* Pods_ChartsRepresentable.framework in Frameworks */,
			);
			runOnlyForDeploymentPostprocessing = 0;
		};
		6ED61EBA2499D9ED000D6E51 /* Frameworks */ = {
			isa = PBXFrameworksBuildPhase;
			buildActionMask = 2147483647;
			files = (
				E78C3A4CA34359626F8655CC /* Pods_ChartsRepresentableTests.framework in Frameworks */,
			);
			runOnlyForDeploymentPostprocessing = 0;
		};
		6ED61EC52499D9ED000D6E51 /* Frameworks */ = {
			isa = PBXFrameworksBuildPhase;
			buildActionMask = 2147483647;
			files = (
				1A6B7BC76D0628B8AD3D2AE2 /* Pods_ChartsRepresentable_ChartsRepresentableUITests.framework in Frameworks */,
			);
			runOnlyForDeploymentPostprocessing = 0;
		};
/* End PBXFrameworksBuildPhase section */

/* Begin PBXGroup section */
		5E330397CA157B1CE654E4BD /* Frameworks */ = {
			isa = PBXGroup;
			children = (
				078CFC625317AE93DA523BDA /* Pods_ChartsRepresentable.framework */,
				D5328A0AE66A9BD089D53753 /* Pods_ChartsRepresentable_ChartsRepresentableUITests.framework */,
				B6B6B571CE682288F145184D /* Pods_ChartsRepresentableTests.framework */,
			);
			name = Frameworks;
			sourceTree = "<group>";
		};
		6ED61E9E2499D9EC000D6E51 = {
			isa = PBXGroup;
			children = (
				6ED61EA92499D9EC000D6E51 /* ChartsRepresentable */,
				6ED61EC02499D9ED000D6E51 /* ChartsRepresentableTests */,
				6ED61ECB2499D9ED000D6E51 /* ChartsRepresentableUITests */,
				6ED61EA82499D9EC000D6E51 /* Products */,
				E95B060C0A819CA71D48FD79 /* Pods */,
				5E330397CA157B1CE654E4BD /* Frameworks */,
			);
			sourceTree = "<group>";
		};
		6ED61EA82499D9EC000D6E51 /* Products */ = {
			isa = PBXGroup;
			children = (
				6ED61EA72499D9EC000D6E51 /* ChartsRepresentable.app */,
				6ED61EBD2499D9ED000D6E51 /* ChartsRepresentableTests.xctest */,
				6ED61EC82499D9ED000D6E51 /* ChartsRepresentableUITests.xctest */,
			);
			name = Products;
			sourceTree = "<group>";
		};
		6ED61EA92499D9EC000D6E51 /* ChartsRepresentable */ = {
			isa = PBXGroup;
			children = (
				6E405A27249F60700027FAF9 /* ChartsRepresentable.entitlements */,
				6ED6201F2499E487000D6E51 /* App */,
				6ED61EAE2499D9EC000D6E51 /* ContentView.swift */,
				6E9EFE2A24AB9BCE00F318B5 /* RatingViewPerApp.swift */,
				6E839509249E693C0007FF71 /* Stat.swift */,
				6ED620202499E53D000D6E51 /* Extensions */,
				6ED6201D2499E459000D6E51 /* ChartDataService.swift */,
				6ED620212499E5C0000D6E51 /* BarChartViewSwiftUI.swift */,
				6ED620132499DB25000D6E51 /* TKDatabase.swift */,
				6ED61EB02499D9ED000D6E51 /* Assets.xcassets */,
				6ED61EB52499D9ED000D6E51 /* LaunchScreen.storyboard */,
				6ED61EB82499D9ED000D6E51 /* Info.plist */,
				6ED61EB22499D9ED000D6E51 /* Preview Content */,
			);
			path = ChartsRepresentable;
			sourceTree = "<group>";
		};
		6ED61EB22499D9ED000D6E51 /* Preview Content */ = {
			isa = PBXGroup;
			children = (
				6ED61EB32499D9ED000D6E51 /* Preview Assets.xcassets */,
			);
			path = "Preview Content";
			sourceTree = "<group>";
		};
		6ED61EC02499D9ED000D6E51 /* ChartsRepresentableTests */ = {
			isa = PBXGroup;
			children = (
				6ED61EC12499D9ED000D6E51 /* ChartsRepresentableTests.swift */,
				6ED61EC32499D9ED000D6E51 /* Info.plist */,
			);
			path = ChartsRepresentableTests;
			sourceTree = "<group>";
		};
		6ED61ECB2499D9ED000D6E51 /* ChartsRepresentableUITests */ = {
			isa = PBXGroup;
			children = (
				6ED61ECC2499D9ED000D6E51 /* ChartsRepresentableUITests.swift */,
				6ED61ECE2499D9ED000D6E51 /* Info.plist */,
			);
			path = ChartsRepresentableUITests;
			sourceTree = "<group>";
		};
		6ED6201F2499E487000D6E51 /* App */ = {
			isa = PBXGroup;
			children = (
				6E839507249E67030007FF71 /* LargeValueFormatter.swift */,
				6ED61EAA2499D9EC000D6E51 /* AppDelegate.swift */,
				6ED61EAC2499D9EC000D6E51 /* SceneDelegate.swift */,
			);
			path = App;
			sourceTree = "<group>";
		};
		6ED620202499E53D000D6E51 /* Extensions */ = {
			isa = PBXGroup;
			children = (
				6ED620172499DC7C000D6E51 /* Extensions.swift */,
				6ED620152499DC60000D6E51 /* Extensions+Date.swift */,
				6ED620192499DC85000D6E51 /* Extension+Datasnapshot.swift */,
			);
			path = Extensions;
			sourceTree = "<group>";
		};
		E95B060C0A819CA71D48FD79 /* Pods */ = {
			isa = PBXGroup;
			children = (
				754E4FE2687DD889FC32AED3 /* Pods-ChartsRepresentable.debug.xcconfig */,
				E3F3A3435760759654D65679 /* Pods-ChartsRepresentable.release.xcconfig */,
				FEED8A189B9B3148AE7CF955 /* Pods-ChartsRepresentable-ChartsRepresentableUITests.debug.xcconfig */,
				7893BD62FCFD679153B20CAD /* Pods-ChartsRepresentable-ChartsRepresentableUITests.release.xcconfig */,
				5368B0E19F565D28BC1587F5 /* Pods-ChartsRepresentableTests.debug.xcconfig */,
				AF41D309D7A2C673EBBBF276 /* Pods-ChartsRepresentableTests.release.xcconfig */,
			);
			path = Pods;
			sourceTree = "<group>";
		};
/* End PBXGroup section */

/* Begin PBXNativeTarget section */
		6ED61EA62499D9EC000D6E51 /* ChartsRepresentable */ = {
			isa = PBXNativeTarget;
			buildConfigurationList = 6ED61ED12499D9ED000D6E51 /* Build configuration list for PBXNativeTarget "ChartsRepresentable" */;
			buildPhases = (
				7C9EF16482CFF2061DBD8902 /* [CP] Check Pods Manifest.lock */,
				6ED61EA32499D9EC000D6E51 /* Sources */,
				6ED61EA42499D9EC000D6E51 /* Frameworks */,
				6ED61EA52499D9EC000D6E51 /* Resources */,
				E486F9B5766A311AD5C1CBAE /* [CP] Embed Pods Frameworks */,
			);
			buildRules = (
			);
			dependencies = (
			);
			name = ChartsRepresentable;
			productName = ChartsRepresentable;
			productReference = 6ED61EA72499D9EC000D6E51 /* ChartsRepresentable.app */;
			productType = "com.apple.product-type.application";
		};
		6ED61EBC2499D9ED000D6E51 /* ChartsRepresentableTests */ = {
			isa = PBXNativeTarget;
			buildConfigurationList = 6ED61ED42499D9ED000D6E51 /* Build configuration list for PBXNativeTarget "ChartsRepresentableTests" */;
			buildPhases = (
				2AEE87F683ED348A47DC2CD4 /* [CP] Check Pods Manifest.lock */,
				6ED61EB92499D9ED000D6E51 /* Sources */,
				6ED61EBA2499D9ED000D6E51 /* Frameworks */,
				6ED61EBB2499D9ED000D6E51 /* Resources */,
			);
			buildRules = (
			);
			dependencies = (
				6ED61EBF2499D9ED000D6E51 /* PBXTargetDependency */,
			);
			name = ChartsRepresentableTests;
			productName = ChartsRepresentableTests;
			productReference = 6ED61EBD2499D9ED000D6E51 /* ChartsRepresentableTests.xctest */;
			productType = "com.apple.product-type.bundle.unit-test";
		};
		6ED61EC72499D9ED000D6E51 /* ChartsRepresentableUITests */ = {
			isa = PBXNativeTarget;
			buildConfigurationList = 6ED61ED72499D9ED000D6E51 /* Build configuration list for PBXNativeTarget "ChartsRepresentableUITests" */;
			buildPhases = (
				9C89156F180B1FEFC6F9C956 /* [CP] Check Pods Manifest.lock */,
				6ED61EC42499D9ED000D6E51 /* Sources */,
				6ED61EC52499D9ED000D6E51 /* Frameworks */,
				6ED61EC62499D9ED000D6E51 /* Resources */,
				FF14B9A7108BA47258887E55 /* [CP] Embed Pods Frameworks */,
			);
			buildRules = (
			);
			dependencies = (
				6ED61ECA2499D9ED000D6E51 /* PBXTargetDependency */,
			);
			name = ChartsRepresentableUITests;
			productName = ChartsRepresentableUITests;
			productReference = 6ED61EC82499D9ED000D6E51 /* ChartsRepresentableUITests.xctest */;
			productType = "com.apple.product-type.bundle.ui-testing";
		};
/* End PBXNativeTarget section */

/* Begin PBXProject section */
		6ED61E9F2499D9EC000D6E51 /* Project object */ = {
			isa = PBXProject;
			attributes = {
				LastSwiftUpdateCheck = 1150;
				LastUpgradeCheck = 1150;
				ORGANIZATIONNAME = "Marc Felden";
				TargetAttributes = {
					6ED61EA62499D9EC000D6E51 = {
						CreatedOnToolsVersion = 11.5;
					};
					6ED61EBC2499D9ED000D6E51 = {
						CreatedOnToolsVersion = 11.5;
						TestTargetID = 6ED61EA62499D9EC000D6E51;
					};
					6ED61EC72499D9ED000D6E51 = {
						CreatedOnToolsVersion = 11.5;
						TestTargetID = 6ED61EA62499D9EC000D6E51;
					};
				};
			};
			buildConfigurationList = 6ED61EA22499D9EC000D6E51 /* Build configuration list for PBXProject "ChartsRepresentable" */;
			compatibilityVersion = "Xcode 9.3";
			developmentRegion = en;
			hasScannedForEncodings = 0;
			knownRegions = (
				en,
				Base,
			);
			mainGroup = 6ED61E9E2499D9EC000D6E51;
			productRefGroup = 6ED61EA82499D9EC000D6E51 /* Products */;
			projectDirPath = "";
			projectRoot = "";
			targets = (
				6ED61EA62499D9EC000D6E51 /* ChartsRepresentable */,
				6ED61EBC2499D9ED000D6E51 /* ChartsRepresentableTests */,
				6ED61EC72499D9ED000D6E51 /* ChartsRepresentableUITests */,
			);
		};
/* End PBXProject section */

/* Begin PBXResourcesBuildPhase section */
		6ED61EA52499D9EC000D6E51 /* Resources */ = {
			isa = PBXResourcesBuildPhase;
			buildActionMask = 2147483647;
			files = (
				6ED61EB72499D9ED000D6E51 /* LaunchScreen.storyboard in Resources */,
				6ED61EB42499D9ED000D6E51 /* Preview Assets.xcassets in Resources */,
				6ED61EB12499D9ED000D6E51 /* Assets.xcassets in Resources */,
			);
			runOnlyForDeploymentPostprocessing = 0;
		};
		6ED61EBB2499D9ED000D6E51 /* Resources */ = {
			isa = PBXResourcesBuildPhase;
			buildActionMask = 2147483647;
			files = (
			);
			runOnlyForDeploymentPostprocessing = 0;
		};
		6ED61EC62499D9ED000D6E51 /* Resources */ = {
			isa = PBXResourcesBuildPhase;
			buildActionMask = 2147483647;
			files = (
			);
			runOnlyForDeploymentPostprocessing = 0;
		};
/* End PBXResourcesBuildPhase section */

/* Begin PBXShellScriptBuildPhase section */
		2AEE87F683ED348A47DC2CD4 /* [CP] Check Pods Manifest.lock */ = {
			isa = PBXShellScriptBuildPhase;
			buildActionMask = 2147483647;
			files = (
			);
			inputFileListPaths = (
			);
			inputPaths = (
				"${PODS_PODFILE_DIR_PATH}/Podfile.lock",
				"${PODS_ROOT}/Manifest.lock",
			);
			name = "[CP] Check Pods Manifest.lock";
			outputFileListPaths = (
			);
			outputPaths = (
				"$(DERIVED_FILE_DIR)/Pods-ChartsRepresentableTests-checkManifestLockResult.txt",
			);
			runOnlyForDeploymentPostprocessing = 0;
			shellPath = /bin/sh;
			shellScript = "diff \"${PODS_PODFILE_DIR_PATH}/Podfile.lock\" \"${PODS_ROOT}/Manifest.lock\" > /dev/null\nif [ $? != 0 ] ; then\n    # print error to STDERR\n    echo \"error: The sandbox is not in sync with the Podfile.lock. Run 'pod install' or update your CocoaPods installation.\" >&2\n    exit 1\nfi\n# This output is used by Xcode 'outputs' to avoid re-running this script phase.\necho \"SUCCESS\" > \"${SCRIPT_OUTPUT_FILE_0}\"\n";
			showEnvVarsInLog = 0;
		};
		7C9EF16482CFF2061DBD8902 /* [CP] Check Pods Manifest.lock */ = {
			isa = PBXShellScriptBuildPhase;
			buildActionMask = 2147483647;
			files = (
			);
			inputFileListPaths = (
			);
			inputPaths = (
				"${PODS_PODFILE_DIR_PATH}/Podfile.lock",
				"${PODS_ROOT}/Manifest.lock",
			);
			name = "[CP] Check Pods Manifest.lock";
			outputFileListPaths = (
			);
			outputPaths = (
				"$(DERIVED_FILE_DIR)/Pods-ChartsRepresentable-checkManifestLockResult.txt",
			);
			runOnlyForDeploymentPostprocessing = 0;
			shellPath = /bin/sh;
			shellScript = "diff \"${PODS_PODFILE_DIR_PATH}/Podfile.lock\" \"${PODS_ROOT}/Manifest.lock\" > /dev/null\nif [ $? != 0 ] ; then\n    # print error to STDERR\n    echo \"error: The sandbox is not in sync with the Podfile.lock. Run 'pod install' or update your CocoaPods installation.\" >&2\n    exit 1\nfi\n# This output is used by Xcode 'outputs' to avoid re-running this script phase.\necho \"SUCCESS\" > \"${SCRIPT_OUTPUT_FILE_0}\"\n";
			showEnvVarsInLog = 0;
		};
		9C89156F180B1FEFC6F9C956 /* [CP] Check Pods Manifest.lock */ = {
			isa = PBXShellScriptBuildPhase;
			buildActionMask = 2147483647;
			files = (
			);
			inputFileListPaths = (
			);
			inputPaths = (
				"${PODS_PODFILE_DIR_PATH}/Podfile.lock",
				"${PODS_ROOT}/Manifest.lock",
			);
			name = "[CP] Check Pods Manifest.lock";
			outputFileListPaths = (
			);
			outputPaths = (
				"$(DERIVED_FILE_DIR)/Pods-ChartsRepresentable-ChartsRepresentableUITests-checkManifestLockResult.txt",
			);
			runOnlyForDeploymentPostprocessing = 0;
			shellPath = /bin/sh;
			shellScript = "diff \"${PODS_PODFILE_DIR_PATH}/Podfile.lock\" \"${PODS_ROOT}/Manifest.lock\" > /dev/null\nif [ $? != 0 ] ; then\n    # print error to STDERR\n    echo \"error: The sandbox is not in sync with the Podfile.lock. Run 'pod install' or update your CocoaPods installation.\" >&2\n    exit 1\nfi\n# This output is used by Xcode 'outputs' to avoid re-running this script phase.\necho \"SUCCESS\" > \"${SCRIPT_OUTPUT_FILE_0}\"\n";
			showEnvVarsInLog = 0;
		};
		E486F9B5766A311AD5C1CBAE /* [CP] Embed Pods Frameworks */ = {
			isa = PBXShellScriptBuildPhase;
			buildActionMask = 2147483647;
			files = (
			);
			inputFileListPaths = (
				"${PODS_ROOT}/Target Support Files/Pods-ChartsRepresentable/Pods-ChartsRepresentable-frameworks-${CONFIGURATION}-input-files.xcfilelist",
			);
			name = "[CP] Embed Pods Frameworks";
			outputFileListPaths = (
				"${PODS_ROOT}/Target Support Files/Pods-ChartsRepresentable/Pods-ChartsRepresentable-frameworks-${CONFIGURATION}-output-files.xcfilelist",
			);
			runOnlyForDeploymentPostprocessing = 0;
			shellPath = /bin/sh;
			shellScript = "\"${PODS_ROOT}/Target Support Files/Pods-ChartsRepresentable/Pods-ChartsRepresentable-frameworks.sh\"\n";
			showEnvVarsInLog = 0;
		};
		FF14B9A7108BA47258887E55 /* [CP] Embed Pods Frameworks */ = {
			isa = PBXShellScriptBuildPhase;
			buildActionMask = 2147483647;
			files = (
			);
			inputFileListPaths = (
				"${PODS_ROOT}/Target Support Files/Pods-ChartsRepresentable-ChartsRepresentableUITests/Pods-ChartsRepresentable-ChartsRepresentableUITests-frameworks-${CONFIGURATION}-input-files.xcfilelist",
			);
			name = "[CP] Embed Pods Frameworks";
			outputFileListPaths = (
				"${PODS_ROOT}/Target Support Files/Pods-ChartsRepresentable-ChartsRepresentableUITests/Pods-ChartsRepresentable-ChartsRepresentableUITests-frameworks-${CONFIGURATION}-output-files.xcfilelist",
			);
			runOnlyForDeploymentPostprocessing = 0;
			shellPath = /bin/sh;
			shellScript = "\"${PODS_ROOT}/Target Support Files/Pods-ChartsRepresentable-ChartsRepresentableUITests/Pods-ChartsRepresentable-ChartsRepresentableUITests-frameworks.sh\"\n";
			showEnvVarsInLog = 0;
		};
/* End PBXShellScriptBuildPhase section */

/* Begin PBXSourcesBuildPhase section */
		6ED61EA32499D9EC000D6E51 /* Sources */ = {
			isa = PBXSourcesBuildPhase;
			buildActionMask = 2147483647;
			files = (
				6ED6201A2499DC85000D6E51 /* Extension+Datasnapshot.swift in Sources */,
				6E9EFE2B24AB9BCE00F318B5 /* RatingViewPerApp.swift in Sources */,
				6ED620222499E5C0000D6E51 /* BarChartViewSwiftUI.swift in Sources */,
				6ED61EAB2499D9EC000D6E51 /* AppDelegate.swift in Sources */,
				6ED620182499DC7C000D6E51 /* Extensions.swift in Sources */,
				6E83950A249E693C0007FF71 /* Stat.swift in Sources */,
				6ED61EAD2499D9EC000D6E51 /* SceneDelegate.swift in Sources */,
				6ED61EAF2499D9EC000D6E51 /* ContentView.swift in Sources */,
				6E839508249E67030007FF71 /* LargeValueFormatter.swift in Sources */,
				6ED6201E2499E459000D6E51 /* ChartDataService.swift in Sources */,
				6ED620162499DC60000D6E51 /* Extensions+Date.swift in Sources */,
				6ED620142499DB25000D6E51 /* TKDatabase.swift in Sources */,
			);
			runOnlyForDeploymentPostprocessing = 0;
		};
		6ED61EB92499D9ED000D6E51 /* Sources */ = {
			isa = PBXSourcesBuildPhase;
			buildActionMask = 2147483647;
			files = (
				6ED61EC22499D9ED000D6E51 /* ChartsRepresentableTests.swift in Sources */,
			);
			runOnlyForDeploymentPostprocessing = 0;
		};
		6ED61EC42499D9ED000D6E51 /* Sources */ = {
			isa = PBXSourcesBuildPhase;
			buildActionMask = 2147483647;
			files = (
				6ED61ECD2499D9ED000D6E51 /* ChartsRepresentableUITests.swift in Sources */,
			);
			runOnlyForDeploymentPostprocessing = 0;
		};
/* End PBXSourcesBuildPhase section */

/* Begin PBXTargetDependency section */
		6ED61EBF2499D9ED000D6E51 /* PBXTargetDependency */ = {
			isa = PBXTargetDependency;
			target = 6ED61EA62499D9EC000D6E51 /* ChartsRepresentable */;
			targetProxy = 6ED61EBE2499D9ED000D6E51 /* PBXContainerItemProxy */;
		};
		6ED61ECA2499D9ED000D6E51 /* PBXTargetDependency */ = {
			isa = PBXTargetDependency;
			target = 6ED61EA62499D9EC000D6E51 /* ChartsRepresentable */;
			targetProxy = 6ED61EC92499D9ED000D6E51 /* PBXContainerItemProxy */;
		};
/* End PBXTargetDependency section */

/* Begin PBXVariantGroup section */
		6ED61EB52499D9ED000D6E51 /* LaunchScreen.storyboard */ = {
			isa = PBXVariantGroup;
			children = (
				6ED61EB62499D9ED000D6E51 /* Base */,
			);
			name = LaunchScreen.storyboard;
			sourceTree = "<group>";
		};
/* End PBXVariantGroup section */

/* Begin XCBuildConfiguration section */
		6ED61ECF2499D9ED000D6E51 /* Debug */ = {
			isa = XCBuildConfiguration;
			buildSettings = {
				ALWAYS_SEARCH_USER_PATHS = NO;
				CLANG_ANALYZER_NONNULL = YES;
				CLANG_ANALYZER_NUMBER_OBJECT_CONVERSION = YES_AGGRESSIVE;
				CLANG_CXX_LANGUAGE_STANDARD = "gnu++14";
				CLANG_CXX_LIBRARY = "libc++";
				CLANG_ENABLE_MODULES = YES;
				CLANG_ENABLE_OBJC_ARC = YES;
				CLANG_ENABLE_OBJC_WEAK = YES;
				CLANG_WARN_BLOCK_CAPTURE_AUTORELEASING = YES;
				CLANG_WARN_BOOL_CONVERSION = YES;
				CLANG_WARN_COMMA = YES;
				CLANG_WARN_CONSTANT_CONVERSION = YES;
				CLANG_WARN_DEPRECATED_OBJC_IMPLEMENTATIONS = YES;
				CLANG_WARN_DIRECT_OBJC_ISA_USAGE = YES_ERROR;
				CLANG_WARN_DOCUMENTATION_COMMENTS = YES;
				CLANG_WARN_EMPTY_BODY = YES;
				CLANG_WARN_ENUM_CONVERSION = YES;
				CLANG_WARN_INFINITE_RECURSION = YES;
				CLANG_WARN_INT_CONVERSION = YES;
				CLANG_WARN_NON_LITERAL_NULL_CONVERSION = YES;
				CLANG_WARN_OBJC_IMPLICIT_RETAIN_SELF = YES;
				CLANG_WARN_OBJC_LITERAL_CONVERSION = YES;
				CLANG_WARN_OBJC_ROOT_CLASS = YES_ERROR;
				CLANG_WARN_RANGE_LOOP_ANALYSIS = YES;
				CLANG_WARN_STRICT_PROTOTYPES = YES;
				CLANG_WARN_SUSPICIOUS_MOVE = YES;
				CLANG_WARN_UNGUARDED_AVAILABILITY = YES_AGGRESSIVE;
				CLANG_WARN_UNREACHABLE_CODE = YES;
				CLANG_WARN__DUPLICATE_METHOD_MATCH = YES;
				COPY_PHASE_STRIP = NO;
				DEBUG_INFORMATION_FORMAT = dwarf;
				ENABLE_STRICT_OBJC_MSGSEND = YES;
				ENABLE_TESTABILITY = YES;
				GCC_C_LANGUAGE_STANDARD = gnu11;
				GCC_DYNAMIC_NO_PIC = NO;
				GCC_NO_COMMON_BLOCKS = YES;
				GCC_OPTIMIZATION_LEVEL = 0;
				GCC_PREPROCESSOR_DEFINITIONS = (
					"DEBUG=1",
					"$(inherited)",
				);
				GCC_WARN_64_TO_32_BIT_CONVERSION = YES;
				GCC_WARN_ABOUT_RETURN_TYPE = YES_ERROR;
				GCC_WARN_UNDECLARED_SELECTOR = YES;
				GCC_WARN_UNINITIALIZED_AUTOS = YES_AGGRESSIVE;
				GCC_WARN_UNUSED_FUNCTION = YES;
				GCC_WARN_UNUSED_VARIABLE = YES;
				IPHONEOS_DEPLOYMENT_TARGET = 13.5;
				MTL_ENABLE_DEBUG_INFO = INCLUDE_SOURCE;
				MTL_FAST_MATH = YES;
				ONLY_ACTIVE_ARCH = YES;
				SDKROOT = iphoneos;
				SWIFT_ACTIVE_COMPILATION_CONDITIONS = DEBUG;
				SWIFT_OPTIMIZATION_LEVEL = "-Onone";
			};
			name = Debug;
		};
		6ED61ED02499D9ED000D6E51 /* Release */ = {
			isa = XCBuildConfiguration;
			buildSettings = {
				ALWAYS_SEARCH_USER_PATHS = NO;
				CLANG_ANALYZER_NONNULL = YES;
				CLANG_ANALYZER_NUMBER_OBJECT_CONVERSION = YES_AGGRESSIVE;
				CLANG_CXX_LANGUAGE_STANDARD = "gnu++14";
				CLANG_CXX_LIBRARY = "libc++";
				CLANG_ENABLE_MODULES = YES;
				CLANG_ENABLE_OBJC_ARC = YES;
				CLANG_ENABLE_OBJC_WEAK = YES;
				CLANG_WARN_BLOCK_CAPTURE_AUTORELEASING = YES;
				CLANG_WARN_BOOL_CONVERSION = YES;
				CLANG_WARN_COMMA = YES;
				CLANG_WARN_CONSTANT_CONVERSION = YES;
				CLANG_WARN_DEPRECATED_OBJC_IMPLEMENTATIONS = YES;
				CLANG_WARN_DIRECT_OBJC_ISA_USAGE = YES_ERROR;
				CLANG_WARN_DOCUMENTATION_COMMENTS = YES;
				CLANG_WARN_EMPTY_BODY = YES;
				CLANG_WARN_ENUM_CONVERSION = YES;
				CLANG_WARN_INFINITE_RECURSION = YES;
				CLANG_WARN_INT_CONVERSION = YES;
				CLANG_WARN_NON_LITERAL_NULL_CONVERSION = YES;
				CLANG_WARN_OBJC_IMPLICIT_RETAIN_SELF = YES;
				CLANG_WARN_OBJC_LITERAL_CONVERSION = YES;
				CLANG_WARN_OBJC_ROOT_CLASS = YES_ERROR;
				CLANG_WARN_RANGE_LOOP_ANALYSIS = YES;
				CLANG_WARN_STRICT_PROTOTYPES = YES;
				CLANG_WARN_SUSPICIOUS_MOVE = YES;
				CLANG_WARN_UNGUARDED_AVAILABILITY = YES_AGGRESSIVE;
				CLANG_WARN_UNREACHABLE_CODE = YES;
				CLANG_WARN__DUPLICATE_METHOD_MATCH = YES;
				COPY_PHASE_STRIP = NO;
				DEBUG_INFORMATION_FORMAT = "dwarf-with-dsym";
				ENABLE_NS_ASSERTIONS = NO;
				ENABLE_STRICT_OBJC_MSGSEND = YES;
				GCC_C_LANGUAGE_STANDARD = gnu11;
				GCC_NO_COMMON_BLOCKS = YES;
				GCC_WARN_64_TO_32_BIT_CONVERSION = YES;
				GCC_WARN_ABOUT_RETURN_TYPE = YES_ERROR;
				GCC_WARN_UNDECLARED_SELECTOR = YES;
				GCC_WARN_UNINITIALIZED_AUTOS = YES_AGGRESSIVE;
				GCC_WARN_UNUSED_FUNCTION = YES;
				GCC_WARN_UNUSED_VARIABLE = YES;
				IPHONEOS_DEPLOYMENT_TARGET = 13.5;
				MTL_ENABLE_DEBUG_INFO = NO;
				MTL_FAST_MATH = YES;
				SDKROOT = iphoneos;
				SWIFT_COMPILATION_MODE = wholemodule;
				SWIFT_OPTIMIZATION_LEVEL = "-O";
				VALIDATE_PRODUCT = YES;
			};
			name = Release;
		};
		6ED61ED22499D9ED000D6E51 /* Debug */ = {
			isa = XCBuildConfiguration;
			baseConfigurationReference = 754E4FE2687DD889FC32AED3 /* Pods-ChartsRepresentable.debug.xcconfig */;
			buildSettings = {
				ASSETCATALOG_COMPILER_APPICON_NAME = AppIcon;
				CODE_SIGN_ENTITLEMENTS = ChartsRepresentable/ChartsRepresentable.entitlements;
				CODE_SIGN_STYLE = Automatic;
				DEVELOPMENT_ASSET_PATHS = "\"ChartsRepresentable/Preview Content\"";
				DEVELOPMENT_TEAM = DS36C95935;
				ENABLE_PREVIEWS = YES;
				INFOPLIST_FILE = ChartsRepresentable/Info.plist;
				IPHONEOS_DEPLOYMENT_TARGET = 13.0;
				LD_RUNPATH_SEARCH_PATHS = (
					"$(inherited)",
					"@executable_path/Frameworks",
				);
				PRODUCT_BUNDLE_IDENTIFIER = madetk.com.ChartsRepresentable;
				PRODUCT_NAME = "$(TARGET_NAME)";
				SUPPORTS_MACCATALYST = YES;
				SWIFT_VERSION = 5.0;
				TARGETED_DEVICE_FAMILY = "1,2";
			};
			name = Debug;
		};
		6ED61ED32499D9ED000D6E51 /* Release */ = {
			isa = XCBuildConfiguration;
			baseConfigurationReference = E3F3A3435760759654D65679 /* Pods-ChartsRepresentable.release.xcconfig */;
			buildSettings = {
				ASSETCATALOG_COMPILER_APPICON_NAME = AppIcon;
				CODE_SIGN_ENTITLEMENTS = ChartsRepresentable/ChartsRepresentable.entitlements;
				CODE_SIGN_STYLE = Automatic;
				DEVELOPMENT_ASSET_PATHS = "\"ChartsRepresentable/Preview Content\"";
				DEVELOPMENT_TEAM = DS36C95935;
				ENABLE_PREVIEWS = YES;
				INFOPLIST_FILE = ChartsRepresentable/Info.plist;
				IPHONEOS_DEPLOYMENT_TARGET = 13.0;
				LD_RUNPATH_SEARCH_PATHS = (
					"$(inherited)",
					"@executable_path/Frameworks",
				);
				PRODUCT_BUNDLE_IDENTIFIER = madetk.com.ChartsRepresentable;
				PRODUCT_NAME = "$(TARGET_NAME)";
				SUPPORTS_MACCATALYST = YES;
				SWIFT_VERSION = 5.0;
				TARGETED_DEVICE_FAMILY = "1,2";
			};
			name = Release;
		};
		6ED61ED52499D9ED000D6E51 /* Debug */ = {
			isa = XCBuildConfiguration;
			baseConfigurationReference = 5368B0E19F565D28BC1587F5 /* Pods-ChartsRepresentableTests.debug.xcconfig */;
			buildSettings = {
				ALWAYS_EMBED_SWIFT_STANDARD_LIBRARIES = YES;
				BUNDLE_LOADER = "$(TEST_HOST)";
				CODE_SIGN_STYLE = Automatic;
				DEVELOPMENT_TEAM = DS36C95935;
				INFOPLIST_FILE = ChartsRepresentableTests/Info.plist;
				IPHONEOS_DEPLOYMENT_TARGET = 13.5;
				LD_RUNPATH_SEARCH_PATHS = (
					"$(inherited)",
					"@executable_path/Frameworks",
					"@loader_path/Frameworks",
				);
				PRODUCT_BUNDLE_IDENTIFIER = madetk.com.ChartsRepresentableTests;
				PRODUCT_NAME = "$(TARGET_NAME)";
				SWIFT_VERSION = 5.0;
				TARGETED_DEVICE_FAMILY = "1,2";
				TEST_HOST = "$(BUILT_PRODUCTS_DIR)/ChartsRepresentable.app/ChartsRepresentable";
			};
			name = Debug;
		};
		6ED61ED62499D9ED000D6E51 /* Release */ = {
			isa = XCBuildConfiguration;
			baseConfigurationReference = AF41D309D7A2C673EBBBF276 /* Pods-ChartsRepresentableTests.release.xcconfig */;
			buildSettings = {
				ALWAYS_EMBED_SWIFT_STANDARD_LIBRARIES = YES;
				BUNDLE_LOADER = "$(TEST_HOST)";
				CODE_SIGN_STYLE = Automatic;
				DEVELOPMENT_TEAM = DS36C95935;
				INFOPLIST_FILE = ChartsRepresentableTests/Info.plist;
				IPHONEOS_DEPLOYMENT_TARGET = 13.5;
				LD_RUNPATH_SEARCH_PATHS = (
					"$(inherited)",
					"@executable_path/Frameworks",
					"@loader_path/Frameworks",
				);
				PRODUCT_BUNDLE_IDENTIFIER = madetk.com.ChartsRepresentableTests;
				PRODUCT_NAME = "$(TARGET_NAME)";
				SWIFT_VERSION = 5.0;
				TARGETED_DEVICE_FAMILY = "1,2";
				TEST_HOST = "$(BUILT_PRODUCTS_DIR)/ChartsRepresentable.app/ChartsRepresentable";
			};
			name = Release;
		};
		6ED61ED82499D9ED000D6E51 /* Debug */ = {
			isa = XCBuildConfiguration;
			baseConfigurationReference = FEED8A189B9B3148AE7CF955 /* Pods-ChartsRepresentable-ChartsRepresentableUITests.debug.xcconfig */;
			buildSettings = {
				ALWAYS_EMBED_SWIFT_STANDARD_LIBRARIES = YES;
				CODE_SIGN_STYLE = Automatic;
				DEVELOPMENT_TEAM = DS36C95935;
				INFOPLIST_FILE = ChartsRepresentableUITests/Info.plist;
				LD_RUNPATH_SEARCH_PATHS = (
					"$(inherited)",
					"@executable_path/Frameworks",
					"@loader_path/Frameworks",
				);
				PRODUCT_BUNDLE_IDENTIFIER = madetk.com.ChartsRepresentableUITests;
				PRODUCT_NAME = "$(TARGET_NAME)";
				SWIFT_VERSION = 5.0;
				TARGETED_DEVICE_FAMILY = "1,2";
				TEST_TARGET_NAME = ChartsRepresentable;
			};
			name = Debug;
		};
		6ED61ED92499D9ED000D6E51 /* Release */ = {
			isa = XCBuildConfiguration;
			baseConfigurationReference = 7893BD62FCFD679153B20CAD /* Pods-ChartsRepresentable-ChartsRepresentableUITests.release.xcconfig */;
			buildSettings = {
				ALWAYS_EMBED_SWIFT_STANDARD_LIBRARIES = YES;
				CODE_SIGN_STYLE = Automatic;
				DEVELOPMENT_TEAM = DS36C95935;
				INFOPLIST_FILE = ChartsRepresentableUITests/Info.plist;
				LD_RUNPATH_SEARCH_PATHS = (
					"$(inherited)",
					"@executable_path/Frameworks",
					"@loader_path/Frameworks",
				);
				PRODUCT_BUNDLE_IDENTIFIER = madetk.com.ChartsRepresentableUITests;
				PRODUCT_NAME = "$(TARGET_NAME)";
				SWIFT_VERSION = 5.0;
				TARGETED_DEVICE_FAMILY = "1,2";
				TEST_TARGET_NAME = ChartsRepresentable;
			};
			name = Release;
		};
/* End XCBuildConfiguration section */

/* Begin XCConfigurationList section */
		6ED61EA22499D9EC000D6E51 /* Build configuration list for PBXProject "ChartsRepresentable" */ = {
			isa = XCConfigurationList;
			buildConfigurations = (
				6ED61ECF2499D9ED000D6E51 /* Debug */,
				6ED61ED02499D9ED000D6E51 /* Release */,
			);
			defaultConfigurationIsVisible = 0;
			defaultConfigurationName = Release;
		};
		6ED61ED12499D9ED000D6E51 /* Build configuration list for PBXNativeTarget "ChartsRepresentable" */ = {
			isa = XCConfigurationList;
			buildConfigurations = (
				6ED61ED22499D9ED000D6E51 /* Debug */,
				6ED61ED32499D9ED000D6E51 /* Release */,
			);
			defaultConfigurationIsVisible = 0;
			defaultConfigurationName = Release;
		};
		6ED61ED42499D9ED000D6E51 /* Build configuration list for PBXNativeTarget "ChartsRepresentableTests" */ = {
			isa = XCConfigurationList;
			buildConfigurations = (
				6ED61ED52499D9ED000D6E51 /* Debug */,
				6ED61ED62499D9ED000D6E51 /* Release */,
			);
			defaultConfigurationIsVisible = 0;
			defaultConfigurationName = Release;
		};
		6ED61ED72499D9ED000D6E51 /* Build configuration list for PBXNativeTarget "ChartsRepresentableUITests" */ = {
			isa = XCConfigurationList;
			buildConfigurations = (
				6ED61ED82499D9ED000D6E51 /* Debug */,
				6ED61ED92499D9ED000D6E51 /* Release */,
			);
			defaultConfigurationIsVisible = 0;
			defaultConfigurationName = Release;
		};
/* End XCConfigurationList section */
	};
	rootObject = 6ED61E9F2499D9EC000D6E51 /* Project object */;
}
